// !$*UTF8*$!
{
	archiveVersion = 1;
	classes = {
	};
	objectVersion = 56;
	objects = {

/* Begin PBXBuildFile section */
		CD135C3229C59A87006586B5 /* AppDelegate.swift in Sources */ = {isa = PBXBuildFile; fileRef = CD135C3129C59A87006586B5 /* AppDelegate.swift */; };
		CD135C3429C59A87006586B5 /* SceneDelegate.swift in Sources */ = {isa = PBXBuildFile; fileRef = CD135C3329C59A87006586B5 /* SceneDelegate.swift */; };
		CD135C3629C59A87006586B5 /* ViewController.swift in Sources */ = {isa = PBXBuildFile; fileRef = CD135C3529C59A87006586B5 /* ViewController.swift */; };
		CD135C3929C59A87006586B5 /* Main.storyboard in Resources */ = {isa = PBXBuildFile; fileRef = CD135C3729C59A87006586B5 /* Main.storyboard */; };
		CD135C3B29C59A89006586B5 /* Assets.xcassets in Resources */ = {isa = PBXBuildFile; fileRef = CD135C3A29C59A89006586B5 /* Assets.xcassets */; };
		CD135C3E29C59A89006586B5 /* LaunchScreen.storyboard in Resources */ = {isa = PBXBuildFile; fileRef = CD135C3C29C59A89006586B5 /* LaunchScreen.storyboard */; };
		CD135C5029C59CEA006586B5 /* 9.jpg in Resources */ = {isa = PBXBuildFile; fileRef = CD135C4629C59CEA006586B5 /* 9.jpg */; };
		CD135C5129C59CEA006586B5 /* 3.jpg in Resources */ = {isa = PBXBuildFile; fileRef = CD135C4729C59CEA006586B5 /* 3.jpg */; };
		CD135C5229C59CEA006586B5 /* 1.jpg in Resources */ = {isa = PBXBuildFile; fileRef = CD135C4829C59CEA006586B5 /* 1.jpg */; };
		CD135C5329C59CEA006586B5 /* 7.jpg in Resources */ = {isa = PBXBuildFile; fileRef = CD135C4929C59CEA006586B5 /* 7.jpg */; };
		CD135C5429C59CEA006586B5 /* 8.jpg in Resources */ = {isa = PBXBuildFile; fileRef = CD135C4A29C59CEA006586B5 /* 8.jpg */; };
		CD135C5529C59CEA006586B5 /* 5.jpg in Resources */ = {isa = PBXBuildFile; fileRef = CD135C4B29C59CEA006586B5 /* 5.jpg */; };
		CD135C5629C59CEA006586B5 /* 4.jpg in Resources */ = {isa = PBXBuildFile; fileRef = CD135C4C29C59CEA006586B5 /* 4.jpg */; };
		CD135C5729C59CEA006586B5 /* 6.jpg in Resources */ = {isa = PBXBuildFile; fileRef = CD135C4D29C59CEA006586B5 /* 6.jpg */; };
		CD135C5829C59CEA006586B5 /* 10.jpg in Resources */ = {isa = PBXBuildFile; fileRef = CD135C4E29C59CEA006586B5 /* 10.jpg */; };
		CD135C5929C59CEA006586B5 /* 2.jpg in Resources */ = {isa = PBXBuildFile; fileRef = CD135C4F29C59CEA006586B5 /* 2.jpg */; };
/* End PBXBuildFile section */

/* Begin PBXFileReference section */
		CD135C2E29C59A87006586B5 /* PickerView.app */ = {isa = PBXFileReference; explicitFileType = wrapper.application; includeInIndex = 0; path = PickerView.app; sourceTree = BUILT_PRODUCTS_DIR; };
		CD135C3129C59A87006586B5 /* AppDelegate.swift */ = {isa = PBXFileReference; lastKnownFileType = sourcecode.swift; path = AppDelegate.swift; sourceTree = "<group>"; };
		CD135C3329C59A87006586B5 /* SceneDelegate.swift */ = {isa = PBXFileReference; lastKnownFileType = sourcecode.swift; path = SceneDelegate.swift; sourceTree = "<group>"; };
		CD135C3529C59A87006586B5 /* ViewController.swift */ = {isa = PBXFileReference; lastKnownFileType = sourcecode.swift; path = ViewController.swift; sourceTree = "<group>"; };
		CD135C3829C59A87006586B5 /* Base */ = {isa = PBXFileReference; lastKnownFileType = file.storyboard; name = Base; path = Base.lproj/Main.storyboard; sourceTree = "<group>"; };
		CD135C3A29C59A89006586B5 /* Assets.xcassets */ = {isa = PBXFileReference; lastKnownFileType = folder.assetcatalog; path = Assets.xcassets; sourceTree = "<group>"; };
		CD135C3D29C59A89006586B5 /* Base */ = {isa = PBXFileReference; lastKnownFileType = file.storyboard; name = Base; path = Base.lproj/LaunchScreen.storyboard; sourceTree = "<group>"; };
		CD135C3F29C59A89006586B5 /* Info.plist */ = {isa = PBXFileReference; lastKnownFileType = text.plist.xml; path = Info.plist; sourceTree = "<group>"; };
		CD135C4629C59CEA006586B5 /* 9.jpg */ = {isa = PBXFileReference; lastKnownFileType = image.jpeg; path = 9.jpg; sourceTree = "<group>"; };
		CD135C4729C59CEA006586B5 /* 3.jpg */ = {isa = PBXFileReference; lastKnownFileType = image.jpeg; path = 3.jpg; sourceTree = "<group>"; };
		CD135C4829C59CEA006586B5 /* 1.jpg */ = {isa = PBXFileReference; lastKnownFileType = image.jpeg; path = 1.jpg; sourceTree = "<group>"; };
		CD135C4929C59CEA006586B5 /* 7.jpg */ = {isa = PBXFileReference; lastKnownFileType = image.jpeg; path = 7.jpg; sourceTree = "<group>"; };
		CD135C4A29C59CEA006586B5 /* 8.jpg */ = {isa = PBXFileReference; lastKnownFileType = image.jpeg; path = 8.jpg; sourceTree = "<group>"; };
		CD135C4B29C59CEA006586B5 /* 5.jpg */ = {isa = PBXFileReference; lastKnownFileType = image.jpeg; path = 5.jpg; sourceTree = "<group>"; };
		CD135C4C29C59CEA006586B5 /* 4.jpg */ = {isa = PBXFileReference; lastKnownFileType = image.jpeg; path = 4.jpg; sourceTree = "<group>"; };
		CD135C4D29C59CEA006586B5 /* 6.jpg */ = {isa = PBXFileReference; lastKnownFileType = image.jpeg; path = 6.jpg; sourceTree = "<group>"; };
		CD135C4E29C59CEA006586B5 /* 10.jpg */ = {isa = PBXFileReference; lastKnownFileType = image.jpeg; path = 10.jpg; sourceTree = "<group>"; };
		CD135C4F29C59CEA006586B5 /* 2.jpg */ = {isa = PBXFileReference; lastKnownFileType = image.jpeg; path = 2.jpg; sourceTree = "<group>"; };
/* End PBXFileReference section */

/* Begin PBXFrameworksBuildPhase section */
		CD135C2B29C59A87006586B5 /* Frameworks */ = {
			isa = PBXFrameworksBuildPhase;
			buildActionMask = 2147483647;
			files = (
			);
			runOnlyForDeploymentPostprocessing = 0;
		};
/* End PBXFrameworksBuildPhase section */

/* Begin PBXGroup section */
		CD135C2529C59A87006586B5 = {
			isa = PBXGroup;
			children = (
				CD135C3029C59A87006586B5 /* PickerView */,
				CD135C2F29C59A87006586B5 /* Products */,
			);
			sourceTree = "<group>";
		};
		CD135C2F29C59A87006586B5 /* Products */ = {
			isa = PBXGroup;
			children = (
				CD135C2E29C59A87006586B5 /* PickerView.app */,
			);
			name = Products;
			sourceTree = "<group>";
		};
		CD135C3029C59A87006586B5 /* PickerView */ = {
			isa = PBXGroup;
			children = (
				CD135C4529C59B57006586B5 /* images */,
				CD135C3129C59A87006586B5 /* AppDelegate.swift */,
				CD135C3329C59A87006586B5 /* SceneDelegate.swift */,
				CD135C3529C59A87006586B5 /* ViewController.swift */,
				CD135C3729C59A87006586B5 /* Main.storyboard */,
				CD135C3A29C59A89006586B5 /* Assets.xcassets */,
				CD135C3C29C59A89006586B5 /* LaunchScreen.storyboard */,
				CD135C3F29C59A89006586B5 /* Info.plist */,
			);
			path = PickerView;
			sourceTree = "<group>";
		};
		CD135C4529C59B57006586B5 /* images */ = {
			isa = PBXGroup;
			children = (
				CD135C4829C59CEA006586B5 /* 1.jpg */,
				CD135C4F29C59CEA006586B5 /* 2.jpg */,
				CD135C4729C59CEA006586B5 /* 3.jpg */,
				CD135C4C29C59CEA006586B5 /* 4.jpg */,
				CD135C4B29C59CEA006586B5 /* 5.jpg */,
				CD135C4D29C59CEA006586B5 /* 6.jpg */,
				CD135C4929C59CEA006586B5 /* 7.jpg */,
				CD135C4A29C59CEA006586B5 /* 8.jpg */,
				CD135C4629C59CEA006586B5 /* 9.jpg */,
				CD135C4E29C59CEA006586B5 /* 10.jpg */,
			);
			path = images;
			sourceTree = "<group>";
		};
/* End PBXGroup section */

/* Begin PBXNativeTarget section */
		CD135C2D29C59A87006586B5 /* PickerView */ = {
			isa = PBXNativeTarget;
			buildConfigurationList = CD135C4229C59A89006586B5 /* Build configuration list for PBXNativeTarget "PickerView" */;
			buildPhases = (
				CD135C2A29C59A87006586B5 /* Sources */,
				CD135C2B29C59A87006586B5 /* Frameworks */,
				CD135C2C29C59A87006586B5 /* Resources */,
			);
			buildRules = (
			);
			dependencies = (
			);
			name = PickerView;
			productName = PickerView;
			productReference = CD135C2E29C59A87006586B5 /* PickerView.app */;
			productType = "com.apple.product-type.application";
		};
/* End PBXNativeTarget section */

/* Begin PBXProject section */
		CD135C2629C59A87006586B5 /* Project object */ = {
			isa = PBXProject;
			attributes = {
				BuildIndependentTargetsInParallel = 1;
				LastSwiftUpdateCheck = 1410;
				LastUpgradeCheck = 1410;
				TargetAttributes = {
					CD135C2D29C59A87006586B5 = {
						CreatedOnToolsVersion = 14.1;
					};
				};
			};
			buildConfigurationList = CD135C2929C59A87006586B5 /* Build configuration list for PBXProject "PickerView" */;
			compatibilityVersion = "Xcode 14.0";
			developmentRegion = en;
			hasScannedForEncodings = 0;
			knownRegions = (
				en,
				Base,
			);
			mainGroup = CD135C2529C59A87006586B5;
			productRefGroup = CD135C2F29C59A87006586B5 /* Products */;
			projectDirPath = "";
			projectRoot = "";
			targets = (
				CD135C2D29C59A87006586B5 /* PickerView */,
			);
		};
/* End PBXProject section */

/* Begin PBXResourcesBuildPhase section */
		CD135C2C29C59A87006586B5 /* Resources */ = {
			isa = PBXResourcesBuildPhase;
			buildActionMask = 2147483647;
			files = (
				CD135C5729C59CEA006586B5 /* 6.jpg in Resources */,
				CD135C5129C59CEA006586B5 /* 3.jpg in Resources */,
				CD135C3E29C59A89006586B5 /* LaunchScreen.storyboard in Resources */,
				CD135C5029C59CEA006586B5 /* 9.jpg in Resources */,
				CD135C5529C59CEA006586B5 /* 5.jpg in Resources */,
				CD135C5329C59CEA006586B5 /* 7.jpg in Resources */,
				CD135C5429C59CEA006586B5 /* 8.jpg in Resources */,
				CD135C5229C59CEA006586B5 /* 1.jpg in Resources */,
				CD135C3B29C59A89006586B5 /* Assets.xcassets in Resources */,
				CD135C5929C59CEA006586B5 /* 2.jpg in Resources */,
				CD135C5629C59CEA006586B5 /* 4.jpg in Resources */,
				CD135C5829C59CEA006586B5 /* 10.jpg in Resources */,
				CD135C3929C59A87006586B5 /* Main.storyboard in Resources */,
			);
			runOnlyForDeploymentPostprocessing = 0;
		};
/* End PBXResourcesBuildPhase section */

/* Begin PBXSourcesBuildPhase section */
		CD135C2A29C59A87006586B5 /* Sources */ = {
			isa = PBXSourcesBuildPhase;
			buildActionMask = 2147483647;
			files = (
				CD135C3629C59A87006586B5 /* ViewController.swift in Sources */,
				CD135C3229C59A87006586B5 /* AppDelegate.swift in Sources */,
				CD135C3429C59A87006586B5 /* SceneDelegate.swift in Sources */,
			);
			runOnlyForDeploymentPostprocessing = 0;
		};
/* End PBXSourcesBuildPhase section */

/* Begin PBXVariantGroup section */
		CD135C3729C59A87006586B5 /* Main.storyboard */ = {
			isa = PBXVariantGroup;
			children = (
				CD135C3829C59A87006586B5 /* Base */,
			);
			name = Main.storyboard;
			sourceTree = "<group>";
		};
		CD135C3C29C59A89006586B5 /* LaunchScreen.storyboard */ = {
			isa = PBXVariantGroup;
			children = (
				CD135C3D29C59A89006586B5 /* Base */,
			);
			name = LaunchScreen.storyboard;
			sourceTree = "<group>";
		};
/* End PBXVariantGroup section */

/* Begin XCBuildConfiguration section */
		CD135C4029C59A89006586B5 /* Debug */ = {
			isa = XCBuildConfiguration;
			buildSettings = {
				ALWAYS_SEARCH_USER_PATHS = NO;
				CLANG_ANALYZER_NONNULL = YES;
				CLANG_ANALYZER_NUMBER_OBJECT_CONVERSION = YES_AGGRESSIVE;
				CLANG_CXX_LANGUAGE_STANDARD = "gnu++20";
				CLANG_ENABLE_MODULES = YES;
				CLANG_ENABLE_OBJC_ARC = YES;
				CLANG_ENABLE_OBJC_WEAK = YES;
				CLANG_WARN_BLOCK_CAPTURE_AUTORELEASING = YES;
				CLANG_WARN_BOOL_CONVERSION = YES;
				CLANG_WARN_COMMA = YES;
				CLANG_WARN_CONSTANT_CONVERSION = YES;
				CLANG_WARN_DEPRECATED_OBJC_IMPLEMENTATIONS = YES;
				CLANG_WARN_DIRECT_OBJC_ISA_USAGE = YES_ERROR;
				CLANG_WARN_DOCUMENTATION_COMMENTS = YES;
				CLANG_WARN_EMPTY_BODY = YES;
				CLANG_WARN_ENUM_CONVERSION = YES;
				CLANG_WARN_INFINITE_RECURSION = YES;
				CLANG_WARN_INT_CONVERSION = YES;
				CLANG_WARN_NON_LITERAL_NULL_CONVERSION = YES;
				CLANG_WARN_OBJC_IMPLICIT_RETAIN_SELF = YES;
				CLANG_WARN_OBJC_LITERAL_CONVERSION = YES;
				CLANG_WARN_OBJC_ROOT_CLASS = YES_ERROR;
				CLANG_WARN_QUOTED_INCLUDE_IN_FRAMEWORK_HEADER = YES;
				CLANG_WARN_RANGE_LOOP_ANALYSIS = YES;
				CLANG_WARN_STRICT_PROTOTYPES = YES;
				CLANG_WARN_SUSPICIOUS_MOVE = YES;
				CLANG_WARN_UNGUARDED_AVAILABILITY = YES_AGGRESSIVE;
				CLANG_WARN_UNREACHABLE_CODE = YES;
				CLANG_WARN__DUPLICATE_METHOD_MATCH = YES;
				COPY_PHASE_STRIP = NO;
				DEBUG_INFORMATION_FORMAT = dwarf;
				ENABLE_STRICT_OBJC_MSGSEND = YES;
				ENABLE_TESTABILITY = YES;
				GCC_C_LANGUAGE_STANDARD = gnu11;
				GCC_DYNAMIC_NO_PIC = NO;
				GCC_NO_COMMON_BLOCKS = YES;
				GCC_OPTIMIZATION_LEVEL = 0;
				GCC_PREPROCESSOR_DEFINITIONS = (
					"DEBUG=1",
					"$(inherited)",
				);
				GCC_WARN_64_TO_32_BIT_CONVERSION = YES;
				GCC_WARN_ABOUT_RETURN_TYPE = YES_ERROR;
				GCC_WARN_UNDECLARED_SELECTOR = YES;
				GCC_WARN_UNINITIALIZED_AUTOS = YES_AGGRESSIVE;
				GCC_WARN_UNUSED_FUNCTION = YES;
				GCC_WARN_UNUSED_VARIABLE = YES;
				IPHONEOS_DEPLOYMENT_TARGET = 16.1;
				MTL_ENABLE_DEBUG_INFO = INCLUDE_SOURCE;
				MTL_FAST_MATH = YES;
				ONLY_ACTIVE_ARCH = YES;
				SDKROOT = iphoneos;
				SWIFT_ACTIVE_COMPILATION_CONDITIONS = DEBUG;
				SWIFT_OPTIMIZATION_LEVEL = "-Onone";
			};
			name = Debug;
		};
		CD135C4129C59A89006586B5 /* Release */ = {
			isa = XCBuildConfiguration;
			buildSettings = {
				ALWAYS_SEARCH_USER_PATHS = NO;
				CLANG_ANALYZER_NONNULL = YES;
				CLANG_ANALYZER_NUMBER_OBJECT_CONVERSION = YES_AGGRESSIVE;
				CLANG_CXX_LANGUAGE_STANDARD = "gnu++20";
				CLANG_ENABLE_MODULES = YES;
				CLANG_ENABLE_OBJC_ARC = YES;
				CLANG_ENABLE_OBJC_WEAK = YES;
				CLANG_WARN_BLOCK_CAPTURE_AUTORELEASING = YES;
				CLANG_WARN_BOOL_CONVERSION = YES;
				CLANG_WARN_COMMA = YES;
				CLANG_WARN_CONSTANT_CONVERSION = YES;
				CLANG_WARN_DEPRECATED_OBJC_IMPLEMENTATIONS = YES;
				CLANG_WARN_DIRECT_OBJC_ISA_USAGE = YES_ERROR;
				CLANG_WARN_DOCUMENTATION_COMMENTS = YES;
				CLANG_WARN_EMPTY_BODY = YES;
				CLANG_WARN_ENUM_CONVERSION = YES;
				CLANG_WARN_INFINITE_RECURSION = YES;
				CLANG_WARN_INT_CONVERSION = YES;
				CLANG_WARN_NON_LITERAL_NULL_CONVERSION = YES;
				CLANG_WARN_OBJC_IMPLICIT_RETAIN_SELF = YES;
				CLANG_WARN_OBJC_LITERAL_CONVERSION = YES;
				CLANG_WARN_OBJC_ROOT_CLASS = YES_ERROR;
				CLANG_WARN_QUOTED_INCLUDE_IN_FRAMEWORK_HEADER = YES;
				CLANG_WARN_RANGE_LOOP_ANALYSIS = YES;
				CLANG_WARN_STRICT_PROTOTYPES = YES;
				CLANG_WARN_SUSPICIOUS_MOVE = YES;
				CLANG_WARN_UNGUARDED_AVAILABILITY = YES_AGGRESSIVE;
				CLANG_WARN_UNREACHABLE_CODE = YES;
				CLANG_WARN__DUPLICATE_METHOD_MATCH = YES;
				COPY_PHASE_STRIP = NO;
				DEBUG_INFORMATION_FORMAT = "dwarf-with-dsym";
				ENABLE_NS_ASSERTIONS = NO;
				ENABLE_STRICT_OBJC_MSGSEND = YES;
				GCC_C_LANGUAGE_STANDARD = gnu11;
				GCC_NO_COMMON_BLOCKS = YES;
				GCC_WARN_64_TO_32_BIT_CONVERSION = YES;
				GCC_WARN_ABOUT_RETURN_TYPE = YES_ERROR;
				GCC_WARN_UNDECLARED_SELECTOR = YES;
				GCC_WARN_UNINITIALIZED_AUTOS = YES_AGGRESSIVE;
				GCC_WARN_UNUSED_FUNCTION = YES;
				GCC_WARN_UNUSED_VARIABLE = YES;
				IPHONEOS_DEPLOYMENT_TARGET = 16.1;
				MTL_ENABLE_DEBUG_INFO = NO;
				MTL_FAST_MATH = YES;
				SDKROOT = iphoneos;
				SWIFT_COMPILATION_MODE = wholemodule;
				SWIFT_OPTIMIZATION_LEVEL = "-O";
				VALIDATE_PRODUCT = YES;
			};
			name = Release;
		};
		CD135C4329C59A89006586B5 /* Debug */ = {
			isa = XCBuildConfiguration;
			buildSettings = {
				ASSETCATALOG_COMPILER_APPICON_NAME = AppIcon;
				ASSETCATALOG_COMPILER_GLOBAL_ACCENT_COLOR_NAME = AccentColor;
				CODE_SIGN_STYLE = Automatic;
				CURRENT_PROJECT_VERSION = 1;
				GENERATE_INFOPLIST_FILE = YES;
				INFOPLIST_FILE = PickerView/Info.plist;
				INFOPLIST_KEY_UIApplicationSupportsIndirectInputEvents = YES;
				INFOPLIST_KEY_UILaunchStoryboardName = LaunchScreen;
				INFOPLIST_KEY_UIMainStoryboardFile = Main;
				INFOPLIST_KEY_UISupportedInterfaceOrientations_iPad = "UIInterfaceOrientationPortrait UIInterfaceOrientationPortraitUpsideDown UIInterfaceOrientationLandscapeLeft UIInterfaceOrientationLandscapeRight";
				INFOPLIST_KEY_UISupportedInterfaceOrientations_iPhone = "UIInterfaceOrientationPortrait UIInterfaceOrientationLandscapeLeft UIInterfaceOrientationLandscapeRight";
				LD_RUNPATH_SEARCH_PATHS = (
					"$(inherited)",
					"@executable_path/Frameworks",
				);
				MARKETING_VERSION = 1.0;
				PRODUCT_BUNDLE_IDENTIFIER = kyungmin.PickerView;
				PRODUCT_NAME = "$(TARGET_NAME)";
				SWIFT_EMIT_LOC_STRINGS = YES;
				SWIFT_VERSION = 5.0;
				TARGETED_DEVICE_FAMILY = "1,2";
			};
			name = Debug;
		};
		CD135C4429C59A89006586B5 /* Release */ = {
			isa = XCBuildConfiguration;
			buildSettings = {
				ASSETCATALOG_COMPILER_APPICON_NAME = AppIcon;
				ASSETCATALOG_COMPILER_GLOBAL_ACCENT_COLOR_NAME = AccentColor;
				CODE_SIGN_STYLE = Automatic;
				CURRENT_PROJECT_VERSION = 1;
				GENERATE_INFOPLIST_FILE = YES;
				INFOPLIST_FILE = PickerView/Info.plist;
				INFOPLIST_KEY_UIApplicationSupportsIndirectInputEvents = YES;
				INFOPLIST_KEY_UILaunchStoryboardName = LaunchScreen;
				INFOPLIST_KEY_UIMainStoryboardFile = Main;
				INFOPLIST_KEY_UISupportedInterfaceOrientations_iPad = "UIInterfaceOrientationPortrait UIInterfaceOrientationPortraitUpsideDown UIInterfaceOrientationLandscapeLeft UIInterfaceOrientationLandscapeRight";
				INFOPLIST_KEY_UISupportedInterfaceOrientations_iPhone = "UIInterfaceOrientationPortrait UIInterfaceOrientationLandscapeLeft UIInterfaceOrientationLandscapeRight";
				LD_RUNPATH_SEARCH_PATHS = (
					"$(inherited)",
					"@executable_path/Frameworks",
				);
				MARKETING_VERSION = 1.0;
				PRODUCT_BUNDLE_IDENTIFIER = kyungmin.PickerView;
				PRODUCT_NAME = "$(TARGET_NAME)";
				SWIFT_EMIT_LOC_STRINGS = YES;
				SWIFT_VERSION = 5.0;
				TARGETED_DEVICE_FAMILY = "1,2";
			};
			name = Release;
		};
/* End XCBuildConfiguration section */

/* Begin XCConfigurationList section */
		CD135C2929C59A87006586B5 /* Build configuration list for PBXProject "PickerView" */ = {
			isa = XCConfigurationList;
			buildConfigurations = (
				CD135C4029C59A89006586B5 /* Debug */,
				CD135C4129C59A89006586B5 /* Release */,
			);
			defaultConfigurationIsVisible = 0;
			defaultConfigurationName = Release;
		};
		CD135C4229C59A89006586B5 /* Build configuration list for PBXNativeTarget "PickerView" */ = {
			isa = XCConfigurationList;
			buildConfigurations = (
				CD135C4329C59A89006586B5 /* Debug */,
				CD135C4429C59A89006586B5 /* Release */,
			);
			defaultConfigurationIsVisible = 0;
			defaultConfigurationName = Release;
		};
/* End XCConfigurationList section */
	};
	rootObject = CD135C2629C59A87006586B5 /* Project object */;
}
